
Microsoft Visual Studio Solution File, Format Version 12.00
# Visual Studio 15
VisualStudioVersion = 15.0.28307.168
MinimumVisualStudioVersion = 10.0.40219.1
Project("{FAE04EC0-301F-11D3-BF4B-00C04F79EFBC}") = "Basics", "Basics\Basics.csproj", "{F4682698-F02F-45AB-B238-E0F9FD2DC87C}"
EndProject
Global
	GlobalSection(SolutionConfigurationPlatforms) = preSolution
		Debug|Any CPU = Debug|Any CPU
		Release|Any CPU = Release|Any CPU
	EndGlobalSection
	GlobalSection(ProjectConfigurationPlatforms) = postSolution
		{F4682698-F02F-45AB-B238-E0F9FD2DC87C}.Debug|Any CPU.ActiveCfg = Debug|Any CPU
		{F4682698-F02F-45AB-B238-E0F9FD2DC87C}.Debug|Any CPU.Build.0 = Debug|Any CPU
		{F4682698-F02F-45AB-B238-E0F9FD2DC87C}.Release|Any CPU.ActiveCfg = Release|Any CPU
		{F4682698-F02F-45AB-B238-E0F9FD2DC87C}.Release|Any CPU.Build.0 = Release|Any CPU
	EndGlobalSection
	GlobalSection(SolutionProperties) = preSolution
		HideSolutionNode = FALSE
	EndGlobalSection
	GlobalSection(ExtensibilityGlobals) = postSolution
		SolutionGuid = {87ECABA8-6FB3-47B4-87E8-F89661719646}
	EndGlobalSection
EndGlobal
